
Microsoft Visual Studio Solution File, Format Version 12.00
# Visual Studio 14
VisualStudioVersion = 14.0.25420.1
MinimumVisualStudioVersion = 10.0.40219.1
Project("{F184B08F-C81C-45F6-A57F-5ABD9991F28F}") = "ElektraIn", "ElektraIn.vbproj", "{5C7C64FF-3074-4417-AFC6-5E1E58D5B226}"
EndProject
Global
	GlobalSection(SolutionConfigurationPlatforms) = preSolution
		Debug|.NET = Debug|.NET
		Debug|Any CPU = Debug|Any CPU
		Debug|Mixed Platforms = Debug|Mixed Platforms
		Release|.NET = Release|.NET
		Release|Any CPU = Release|Any CPU
		Release|Mixed Platforms = Release|Mixed Platforms
	EndGlobalSection
	GlobalSection(ProjectConfigurationPlatforms) = postSolution
		{5C7C64FF-3074-4417-AFC6-5E1E58D5B226}.Debug|.NET.ActiveCfg = Debug|Any CPU
		{5C7C64FF-3074-4417-AFC6-5E1E58D5B226}.Debug|Any CPU.ActiveCfg = Debug|Any CPU
		{5C7C64FF-3074-4417-AFC6-5E1E58D5B226}.Debug|Any CPU.Build.0 = Debug|Any CPU
		{5C7C64FF-3074-4417-AFC6-5E1E58D5B226}.Debug|Mixed Platforms.ActiveCfg = Debug|Any CPU
		{5C7C64FF-3074-4417-AFC6-5E1E58D5B226}.Debug|Mixed Platforms.Build.0 = Debug|Any CPU
		{5C7C64FF-3074-4417-AFC6-5E1E58D5B226}.Release|.NET.ActiveCfg = Release|Any CPU
		{5C7C64FF-3074-4417-AFC6-5E1E58D5B226}.Release|Any CPU.ActiveCfg = Release|Any CPU
		{5C7C64FF-3074-4417-AFC6-5E1E58D5B226}.Release|Any CPU.Build.0 = Release|Any CPU
		{5C7C64FF-3074-4417-AFC6-5E1E58D5B226}.Release|Mixed Platforms.ActiveCfg = Release|Any CPU
		{5C7C64FF-3074-4417-AFC6-5E1E58D5B226}.Release|Mixed Platforms.Build.0 = Release|Any CPU
	EndGlobalSection
	GlobalSection(SolutionProperties) = preSolution
		HideSolutionNode = FALSE
	EndGlobalSection
	GlobalSection(TeamFoundationVersionControl) = preSolution
		SccNumberOfProjects = 2
		SccEnterpriseProvider = {4CA58AB2-18FA-4F8D-95D4-32DDF27D184C}
		SccTeamFoundationServer = http://10.160.64.52:8080/tfs/defaultcollection
		SccLocalPath0 = .
		SccProjectUniqueName1 = ElektraIn.vbproj
		SccLocalPath1 = .
	EndGlobalSection
EndGlobal
